// !$*UTF8*$!
{
	archiveVersion = 1;
	classes = {
	};
	objectVersion = 50;
	objects = {

/* Begin PBXBuildFile section */
		9919D88B2613941800C60178 /* BaseJSONSerialization.swift in Sources */ = {isa = PBXBuildFile; fileRef = 9919D88A2613941800C60178 /* BaseJSONSerialization.swift */; };
		99385261262893AE00A728AA /* Queue.swift in Sources */ = {isa = PBXBuildFile; fileRef = 99385260262893AE00A728AA /* Queue.swift */; };
		993852662628961D00A728AA /* RingBuffer.swift in Sources */ = {isa = PBXBuildFile; fileRef = 993852652628961D00A728AA /* RingBuffer.swift */; };
		993852712628967600A728AA /* QueueRingBuffer.swift in Sources */ = {isa = PBXBuildFile; fileRef = 993852702628967600A728AA /* QueueRingBuffer.swift */; };
		999B420B2616173B00AFBD66 /* BaseViewController.swift in Sources */ = {isa = PBXBuildFile; fileRef = 999B420A2616173B00AFBD66 /* BaseViewController.swift */; };
		999B42112616178900AFBD66 /* AnimatedLoader.swift in Sources */ = {isa = PBXBuildFile; fileRef = 999B42102616178900AFBD66 /* AnimatedLoader.swift */; };
		999B421926161C2400AFBD66 /* TestBaseViewController.swift in Sources */ = {isa = PBXBuildFile; fileRef = 999B421826161C2400AFBD66 /* TestBaseViewController.swift */; };
		99A8E1D6261B6C7100A9AFBE /* TableViewExtension.swift in Sources */ = {isa = PBXBuildFile; fileRef = 99A8E1D5261B6C7100A9AFBE /* TableViewExtension.swift */; };
		99A8E1DB261B6CCE00A9AFBE /* CollectionViewExtension.swift in Sources */ = {isa = PBXBuildFile; fileRef = 99A8E1DA261B6CCE00A9AFBE /* CollectionViewExtension.swift */; };
		99A8E1E7261B6F5300A9AFBE /* LinkedList.swift in Sources */ = {isa = PBXBuildFile; fileRef = 99A8E1E6261B6F5300A9AFBE /* LinkedList.swift */; };
		99B2931B26163B7900D71910 /* SubwayLineCollectionViewCell.swift in Sources */ = {isa = PBXBuildFile; fileRef = 99B2931A26163B7900D71910 /* SubwayLineCollectionViewCell.swift */; };
		99B2932026163F0600D71910 /* SubwayStationTableViewCell.swift in Sources */ = {isa = PBXBuildFile; fileRef = 99B2931F26163F0600D71910 /* SubwayStationTableViewCell.swift */; };
		99BBF7A52613A048004A6A13 /* SubwayResult.swift in Sources */ = {isa = PBXBuildFile; fileRef = 99BBF7A42613A047004A6A13 /* SubwayResult.swift */; };
		99BBF7AD2613A4E7004A6A13 /* TestSubwayResultModel.swift in Sources */ = {isa = PBXBuildFile; fileRef = 99BBF7AC2613A4E6004A6A13 /* TestSubwayResultModel.swift */; };
		99BBF7CB2613CE45004A6A13 /* SubwayRequest.swift in Sources */ = {isa = PBXBuildFile; fileRef = 99BBF7CA2613CE45004A6A13 /* SubwayRequest.swift */; };
		99BBF7D42613CE9E004A6A13 /* SubwayResponse.swift in Sources */ = {isa = PBXBuildFile; fileRef = 99BBF7D32613CE9E004A6A13 /* SubwayResponse.swift */; };
		99BBF7E62613D140004A6A13 /* SubwayUtility.swift in Sources */ = {isa = PBXBuildFile; fileRef = 99BBF7E52613D140004A6A13 /* SubwayUtility.swift */; };
		99DE87C3261CD1D300626718 /* SubwayLineViewModel.swift in Sources */ = {isa = PBXBuildFile; fileRef = 99DE87C2261CD1D300626718 /* SubwayLineViewModel.swift */; };
		99DE87CB261CD22700626718 /* SubwayItemViewModel.swift in Sources */ = {isa = PBXBuildFile; fileRef = 99DE87CA261CD22700626718 /* SubwayItemViewModel.swift */; };
		99EF925E260D14DD0045A3D1 /* AppDelegate.swift in Sources */ = {isa = PBXBuildFile; fileRef = 99EF925D260D14DD0045A3D1 /* AppDelegate.swift */; };
		99EF9260260D14DD0045A3D1 /* SceneDelegate.swift in Sources */ = {isa = PBXBuildFile; fileRef = 99EF925F260D14DD0045A3D1 /* SceneDelegate.swift */; };
		99EF9262260D14DD0045A3D1 /* ViewController.swift in Sources */ = {isa = PBXBuildFile; fileRef = 99EF9261260D14DD0045A3D1 /* ViewController.swift */; };
		99EF9265260D14DD0045A3D1 /* Main.storyboard in Resources */ = {isa = PBXBuildFile; fileRef = 99EF9263260D14DD0045A3D1 /* Main.storyboard */; };
		99EF9267260D14DE0045A3D1 /* Assets.xcassets in Resources */ = {isa = PBXBuildFile; fileRef = 99EF9266260D14DE0045A3D1 /* Assets.xcassets */; };
		99EF926A260D14DE0045A3D1 /* LaunchScreen.storyboard in Resources */ = {isa = PBXBuildFile; fileRef = 99EF9268260D14DE0045A3D1 /* LaunchScreen.storyboard */; };
		99EF9275260D14DF0045A3D1 /* RipRoadNYCSubwayTests.swift in Sources */ = {isa = PBXBuildFile; fileRef = 99EF9274260D14DF0045A3D1 /* RipRoadNYCSubwayTests.swift */; };
		99EF9280260D14DF0045A3D1 /* RipRoadNYCSubwayUITests.swift in Sources */ = {isa = PBXBuildFile; fileRef = 99EF927F260D14DF0045A3D1 /* RipRoadNYCSubwayUITests.swift */; };
		99EF9291260D1B560045A3D1 /* .swiftlint.yml in Resources */ = {isa = PBXBuildFile; fileRef = 99EF9290260D1B560045A3D1 /* .swiftlint.yml */; };
		99EF92A8260D204F0045A3D1 /* TestJsonExample.json in Resources */ = {isa = PBXBuildFile; fileRef = 99EF92A7260D204F0045A3D1 /* TestJsonExample.json */; };
		99EF92AF260D22E00045A3D1 /* BaseRequest.swift in Sources */ = {isa = PBXBuildFile; fileRef = 99EF92AE260D22E00045A3D1 /* BaseRequest.swift */; };
		99EF92BC260D232E0045A3D1 /* BaseResponse.swift in Sources */ = {isa = PBXBuildFile; fileRef = 99EF92BB260D232E0045A3D1 /* BaseResponse.swift */; };
		99EF92C1260D23400045A3D1 /* BaseService.swift in Sources */ = {isa = PBXBuildFile; fileRef = 99EF92C0260D23400045A3D1 /* BaseService.swift */; };
		99EF92C6260D26F40045A3D1 /* TestBaseClasses.swift in Sources */ = {isa = PBXBuildFile; fileRef = 99EF92C5260D26F40045A3D1 /* TestBaseClasses.swift */; };
/* End PBXBuildFile section */

/* Begin PBXContainerItemProxy section */
		99EF9271260D14DF0045A3D1 /* PBXContainerItemProxy */ = {
			isa = PBXContainerItemProxy;
			containerPortal = 99EF9252260D14DD0045A3D1 /* Project object */;
			proxyType = 1;
			remoteGlobalIDString = 99EF9259260D14DD0045A3D1;
			remoteInfo = RipRoadNYCSubway;
		};
		99EF927C260D14DF0045A3D1 /* PBXContainerItemProxy */ = {
			isa = PBXContainerItemProxy;
			containerPortal = 99EF9252260D14DD0045A3D1 /* Project object */;
			proxyType = 1;
			remoteGlobalIDString = 99EF9259260D14DD0045A3D1;
			remoteInfo = RipRoadNYCSubway;
		};
/* End PBXContainerItemProxy section */

/* Begin PBXFileReference section */
		9919D88A2613941800C60178 /* BaseJSONSerialization.swift */ = {isa = PBXFileReference; lastKnownFileType = sourcecode.swift; path = BaseJSONSerialization.swift; sourceTree = "<group>"; };
		99385260262893AE00A728AA /* Queue.swift */ = {isa = PBXFileReference; lastKnownFileType = sourcecode.swift; path = Queue.swift; sourceTree = "<group>"; };
		993852652628961D00A728AA /* RingBuffer.swift */ = {isa = PBXFileReference; lastKnownFileType = sourcecode.swift; path = RingBuffer.swift; sourceTree = "<group>"; };
		993852702628967600A728AA /* QueueRingBuffer.swift */ = {isa = PBXFileReference; lastKnownFileType = sourcecode.swift; path = QueueRingBuffer.swift; sourceTree = "<group>"; };
		999B420A2616173B00AFBD66 /* BaseViewController.swift */ = {isa = PBXFileReference; lastKnownFileType = sourcecode.swift; path = BaseViewController.swift; sourceTree = "<group>"; };
		999B42102616178900AFBD66 /* AnimatedLoader.swift */ = {isa = PBXFileReference; lastKnownFileType = sourcecode.swift; path = AnimatedLoader.swift; sourceTree = "<group>"; };
		999B421826161C2400AFBD66 /* TestBaseViewController.swift */ = {isa = PBXFileReference; lastKnownFileType = sourcecode.swift; path = TestBaseViewController.swift; sourceTree = "<group>"; };
		99A8E1D5261B6C7100A9AFBE /* TableViewExtension.swift */ = {isa = PBXFileReference; lastKnownFileType = sourcecode.swift; path = TableViewExtension.swift; sourceTree = "<group>"; };
		99A8E1DA261B6CCE00A9AFBE /* CollectionViewExtension.swift */ = {isa = PBXFileReference; lastKnownFileType = sourcecode.swift; path = CollectionViewExtension.swift; sourceTree = "<group>"; };
		99A8E1E6261B6F5300A9AFBE /* LinkedList.swift */ = {isa = PBXFileReference; lastKnownFileType = sourcecode.swift; path = LinkedList.swift; sourceTree = "<group>"; };
		99B2931A26163B7900D71910 /* SubwayLineCollectionViewCell.swift */ = {isa = PBXFileReference; lastKnownFileType = sourcecode.swift; path = SubwayLineCollectionViewCell.swift; sourceTree = "<group>"; };
		99B2931F26163F0600D71910 /* SubwayStationTableViewCell.swift */ = {isa = PBXFileReference; lastKnownFileType = sourcecode.swift; path = SubwayStationTableViewCell.swift; sourceTree = "<group>"; };
		99BBF7A42613A047004A6A13 /* SubwayResult.swift */ = {isa = PBXFileReference; lastKnownFileType = sourcecode.swift; path = SubwayResult.swift; sourceTree = "<group>"; };
		99BBF7AC2613A4E6004A6A13 /* TestSubwayResultModel.swift */ = {isa = PBXFileReference; lastKnownFileType = sourcecode.swift; path = TestSubwayResultModel.swift; sourceTree = "<group>"; };
		99BBF7CA2613CE45004A6A13 /* SubwayRequest.swift */ = {isa = PBXFileReference; lastKnownFileType = sourcecode.swift; path = SubwayRequest.swift; sourceTree = "<group>"; };
		99BBF7D32613CE9E004A6A13 /* SubwayResponse.swift */ = {isa = PBXFileReference; lastKnownFileType = sourcecode.swift; path = SubwayResponse.swift; sourceTree = "<group>"; };
		99BBF7E52613D140004A6A13 /* SubwayUtility.swift */ = {isa = PBXFileReference; lastKnownFileType = sourcecode.swift; path = SubwayUtility.swift; sourceTree = "<group>"; };
		99DE87C2261CD1D300626718 /* SubwayLineViewModel.swift */ = {isa = PBXFileReference; lastKnownFileType = sourcecode.swift; path = SubwayLineViewModel.swift; sourceTree = "<group>"; };
		99DE87CA261CD22700626718 /* SubwayItemViewModel.swift */ = {isa = PBXFileReference; lastKnownFileType = sourcecode.swift; path = SubwayItemViewModel.swift; sourceTree = "<group>"; };
		99EF925A260D14DD0045A3D1 /* RipRoadNYCSubway.app */ = {isa = PBXFileReference; explicitFileType = wrapper.application; includeInIndex = 0; path = RipRoadNYCSubway.app; sourceTree = BUILT_PRODUCTS_DIR; };
		99EF925D260D14DD0045A3D1 /* AppDelegate.swift */ = {isa = PBXFileReference; lastKnownFileType = sourcecode.swift; path = AppDelegate.swift; sourceTree = "<group>"; };
		99EF925F260D14DD0045A3D1 /* SceneDelegate.swift */ = {isa = PBXFileReference; lastKnownFileType = sourcecode.swift; path = SceneDelegate.swift; sourceTree = "<group>"; };
		99EF9261260D14DD0045A3D1 /* ViewController.swift */ = {isa = PBXFileReference; lastKnownFileType = sourcecode.swift; path = ViewController.swift; sourceTree = "<group>"; };
		99EF9264260D14DD0045A3D1 /* Base */ = {isa = PBXFileReference; lastKnownFileType = file.storyboard; name = Base; path = Base.lproj/Main.storyboard; sourceTree = "<group>"; };
		99EF9266260D14DE0045A3D1 /* Assets.xcassets */ = {isa = PBXFileReference; lastKnownFileType = folder.assetcatalog; path = Assets.xcassets; sourceTree = "<group>"; };
		99EF9269260D14DE0045A3D1 /* Base */ = {isa = PBXFileReference; lastKnownFileType = file.storyboard; name = Base; path = Base.lproj/LaunchScreen.storyboard; sourceTree = "<group>"; };
		99EF926B260D14DE0045A3D1 /* Info.plist */ = {isa = PBXFileReference; lastKnownFileType = text.plist.xml; path = Info.plist; sourceTree = "<group>"; };
		99EF9270260D14DF0045A3D1 /* RipRoadNYCSubwayTests.xctest */ = {isa = PBXFileReference; explicitFileType = wrapper.cfbundle; includeInIndex = 0; path = RipRoadNYCSubwayTests.xctest; sourceTree = BUILT_PRODUCTS_DIR; };
		99EF9274260D14DF0045A3D1 /* RipRoadNYCSubwayTests.swift */ = {isa = PBXFileReference; lastKnownFileType = sourcecode.swift; path = RipRoadNYCSubwayTests.swift; sourceTree = "<group>"; };
		99EF9276260D14DF0045A3D1 /* Info.plist */ = {isa = PBXFileReference; lastKnownFileType = text.plist.xml; path = Info.plist; sourceTree = "<group>"; };
		99EF927B260D14DF0045A3D1 /* RipRoadNYCSubwayUITests.xctest */ = {isa = PBXFileReference; explicitFileType = wrapper.cfbundle; includeInIndex = 0; path = RipRoadNYCSubwayUITests.xctest; sourceTree = BUILT_PRODUCTS_DIR; };
		99EF927F260D14DF0045A3D1 /* RipRoadNYCSubwayUITests.swift */ = {isa = PBXFileReference; lastKnownFileType = sourcecode.swift; path = RipRoadNYCSubwayUITests.swift; sourceTree = "<group>"; };
		99EF9281260D14DF0045A3D1 /* Info.plist */ = {isa = PBXFileReference; lastKnownFileType = text.plist.xml; path = Info.plist; sourceTree = "<group>"; };
		99EF9290260D1B560045A3D1 /* .swiftlint.yml */ = {isa = PBXFileReference; fileEncoding = 4; lastKnownFileType = text.yaml; path = .swiftlint.yml; sourceTree = "<group>"; };
		99EF92A7260D204F0045A3D1 /* TestJsonExample.json */ = {isa = PBXFileReference; fileEncoding = 4; lastKnownFileType = text.json; name = TestJsonExample.json; path = RipRoadNYCSubway/TestJsonExample.json; sourceTree = "<group>"; };
		99EF92AE260D22E00045A3D1 /* BaseRequest.swift */ = {isa = PBXFileReference; lastKnownFileType = sourcecode.swift; path = BaseRequest.swift; sourceTree = "<group>"; };
		99EF92BB260D232E0045A3D1 /* BaseResponse.swift */ = {isa = PBXFileReference; lastKnownFileType = sourcecode.swift; path = BaseResponse.swift; sourceTree = "<group>"; };
		99EF92C0260D23400045A3D1 /* BaseService.swift */ = {isa = PBXFileReference; lastKnownFileType = sourcecode.swift; path = BaseService.swift; sourceTree = "<group>"; };
		99EF92C5260D26F40045A3D1 /* TestBaseClasses.swift */ = {isa = PBXFileReference; lastKnownFileType = sourcecode.swift; path = TestBaseClasses.swift; sourceTree = "<group>"; };
/* End PBXFileReference section */

/* Begin PBXFrameworksBuildPhase section */
		99EF9257260D14DD0045A3D1 /* Frameworks */ = {
			isa = PBXFrameworksBuildPhase;
			buildActionMask = 2147483647;
			files = (
			);
			runOnlyForDeploymentPostprocessing = 0;
		};
		99EF926D260D14DF0045A3D1 /* Frameworks */ = {
			isa = PBXFrameworksBuildPhase;
			buildActionMask = 2147483647;
			files = (
			);
			runOnlyForDeploymentPostprocessing = 0;
		};
		99EF9278260D14DF0045A3D1 /* Frameworks */ = {
			isa = PBXFrameworksBuildPhase;
			buildActionMask = 2147483647;
			files = (
			);
			runOnlyForDeploymentPostprocessing = 0;
		};
/* End PBXFrameworksBuildPhase section */

/* Begin PBXGroup section */
		993852782628969200A728AA /* Protocol */ = {
			isa = PBXGroup;
			children = (
				99385260262893AE00A728AA /* Queue.swift */,
			);
			path = Protocol;
			sourceTree = "<group>";
		};
		9938527C262896D900A728AA /* LinkedList */ = {
			isa = PBXGroup;
			children = (
				99A8E1E6261B6F5300A9AFBE /* LinkedList.swift */,
			);
			path = LinkedList;
			sourceTree = "<group>";
		};
		9938527D2628984E00A728AA /* RingBuffer */ = {
			isa = PBXGroup;
			children = (
				993852652628961D00A728AA /* RingBuffer.swift */,
				993852702628967600A728AA /* QueueRingBuffer.swift */,
			);
			path = RingBuffer;
			sourceTree = "<group>";
		};
		999B420F2616177300AFBD66 /* View */ = {
			isa = PBXGroup;
			children = (
				999B42102616178900AFBD66 /* AnimatedLoader.swift */,
			);
			path = View;
			sourceTree = "<group>";
		};
		999B421D26161F9F00AFBD66 /* View */ = {
			isa = PBXGroup;
			children = (
				99EF9263260D14DD0045A3D1 /* Main.storyboard */,
				99B2931A26163B7900D71910 /* SubwayLineCollectionViewCell.swift */,
				99B2931F26163F0600D71910 /* SubwayStationTableViewCell.swift */,
			);
			path = View;
			sourceTree = "<group>";
		};
		99A8E1D2261B6C3A00A9AFBE /* Extensions */ = {
			isa = PBXGroup;
			children = (
				99A8E1D4261B6C4D00A9AFBE /* TableView */,
				99A8E1D3261B6C4300A9AFBE /* CollectionView */,
			);
			path = Extensions;
			sourceTree = "<group>";
		};
		99A8E1D3261B6C4300A9AFBE /* CollectionView */ = {
			isa = PBXGroup;
			children = (
				99A8E1DA261B6CCE00A9AFBE /* CollectionViewExtension.swift */,
			);
			path = CollectionView;
			sourceTree = "<group>";
		};
		99A8E1D4261B6C4D00A9AFBE /* TableView */ = {
			isa = PBXGroup;
			children = (
				99A8E1D5261B6C7100A9AFBE /* TableViewExtension.swift */,
			);
			path = TableView;
			sourceTree = "<group>";
		};
		99A8E1E5261B6F3E00A9AFBE /* DataStructures */ = {
			isa = PBXGroup;
			children = (
				9938527D2628984E00A728AA /* RingBuffer */,
				9938527C262896D900A728AA /* LinkedList */,
				993852782628969200A728AA /* Protocol */,
			);
			path = DataStructures;
			sourceTree = "<group>";
		};
		99BBF7A22613A001004A6A13 /* Features */ = {
			isa = PBXGroup;
			children = (
				99BBF7E52613D140004A6A13 /* SubwayUtility.swift */,
				99BBF7A32613A02F004A6A13 /* Model */,
				999B421D26161F9F00AFBD66 /* View */,
				99BBF7ED2613D30E004A6A13 /* Controller */,
			);
			path = Features;
			sourceTree = "<group>";
		};
		99BBF7A32613A02F004A6A13 /* Model */ = {
			isa = PBXGroup;
			children = (
				99DE87C1261CD19400626718 /* ViewModel */,
				99BBF7A42613A047004A6A13 /* SubwayResult.swift */,
				99BBF7D22613CE81004A6A13 /* Response */,
				99BBF7C92613CE27004A6A13 /* Request */,
			);
			path = Model;
			sourceTree = "<group>";
		};
		99BBF7C92613CE27004A6A13 /* Request */ = {
			isa = PBXGroup;
			children = (
				99BBF7CA2613CE45004A6A13 /* SubwayRequest.swift */,
			);
			path = Request;
			sourceTree = "<group>";
		};
		99BBF7D22613CE81004A6A13 /* Response */ = {
			isa = PBXGroup;
			children = (
				99BBF7D32613CE9E004A6A13 /* SubwayResponse.swift */,
			);
			path = Response;
			sourceTree = "<group>";
		};
		99BBF7ED2613D30E004A6A13 /* Controller */ = {
			isa = PBXGroup;
			children = (
				99EF9261260D14DD0045A3D1 /* ViewController.swift */,
				99A8E1D2261B6C3A00A9AFBE /* Extensions */,
			);
			path = Controller;
			sourceTree = "<group>";
		};
		99DE87C1261CD19400626718 /* ViewModel */ = {
			isa = PBXGroup;
			children = (
				99DE87C2261CD1D300626718 /* SubwayLineViewModel.swift */,
				99DE87CA261CD22700626718 /* SubwayItemViewModel.swift */,
			);
			path = ViewModel;
			sourceTree = "<group>";
		};
		99EF9251260D14DD0045A3D1 = {
			isa = PBXGroup;
			children = (
				99EF92A7260D204F0045A3D1 /* TestJsonExample.json */,
				99EF9290260D1B560045A3D1 /* .swiftlint.yml */,
				99EF925C260D14DD0045A3D1 /* RipRoadNYCSubway */,
				99EF9273260D14DF0045A3D1 /* RipRoadNYCSubwayTests */,
				99EF927E260D14DF0045A3D1 /* RipRoadNYCSubwayUITests */,
				99EF925B260D14DD0045A3D1 /* Products */,
			);
			sourceTree = "<group>";
		};
		99EF925B260D14DD0045A3D1 /* Products */ = {
			isa = PBXGroup;
			children = (
				99EF925A260D14DD0045A3D1 /* RipRoadNYCSubway.app */,
				99EF9270260D14DF0045A3D1 /* RipRoadNYCSubwayTests.xctest */,
				99EF927B260D14DF0045A3D1 /* RipRoadNYCSubwayUITests.xctest */,
			);
			name = Products;
			sourceTree = "<group>";
		};
		99EF925C260D14DD0045A3D1 /* RipRoadNYCSubway */ = {
			isa = PBXGroup;
			children = (
				99EF925D260D14DD0045A3D1 /* AppDelegate.swift */,
				99EF925F260D14DD0045A3D1 /* SceneDelegate.swift */,
				99BBF7A22613A001004A6A13 /* Features */,
				99EF92A6260D1FF00045A3D1 /* Subsystems */,
				99EF9266260D14DE0045A3D1 /* Assets.xcassets */,
				99EF9268260D14DE0045A3D1 /* LaunchScreen.storyboard */,
				99EF926B260D14DE0045A3D1 /* Info.plist */,
			);
			path = RipRoadNYCSubway;
			sourceTree = "<group>";
		};
		99EF9273260D14DF0045A3D1 /* RipRoadNYCSubwayTests */ = {
			isa = PBXGroup;
			children = (
				99EF9274260D14DF0045A3D1 /* RipRoadNYCSubwayTests.swift */,
				99EF92C5260D26F40045A3D1 /* TestBaseClasses.swift */,
				99EF9276260D14DF0045A3D1 /* Info.plist */,
				99BBF7AC2613A4E6004A6A13 /* TestSubwayResultModel.swift */,
				999B421826161C2400AFBD66 /* TestBaseViewController.swift */,
			);
			path = RipRoadNYCSubwayTests;
			sourceTree = "<group>";
		};
		99EF927E260D14DF0045A3D1 /* RipRoadNYCSubwayUITests */ = {
			isa = PBXGroup;
			children = (
				99EF927F260D14DF0045A3D1 /* RipRoadNYCSubwayUITests.swift */,
				99EF9281260D14DF0045A3D1 /* Info.plist */,
			);
			path = RipRoadNYCSubwayUITests;
			sourceTree = "<group>";
		};
		99EF92A6260D1FF00045A3D1 /* Subsystems */ = {
			isa = PBXGroup;
			children = (
				99A8E1E5261B6F3E00A9AFBE /* DataStructures */,
				999B420F2616177300AFBD66 /* View */,
				99EF92AD260D22720045A3D1 /* Bases */,
				99EF92AC260D22690045A3D1 /* Protocols */,
			);
			path = Subsystems;
			sourceTree = "<group>";
		};
		99EF92AC260D22690045A3D1 /* Protocols */ = {
			isa = PBXGroup;
			children = (
				99EF92BB260D232E0045A3D1 /* BaseResponse.swift */,
				9919D88A2613941800C60178 /* BaseJSONSerialization.swift */,
			);
			path = Protocols;
			sourceTree = "<group>";
		};
		99EF92AD260D22720045A3D1 /* Bases */ = {
			isa = PBXGroup;
			children = (
				99EF92AE260D22E00045A3D1 /* BaseRequest.swift */,
				99EF92C0260D23400045A3D1 /* BaseService.swift */,
				999B420A2616173B00AFBD66 /* BaseViewController.swift */,
			);
			path = Bases;
			sourceTree = "<group>";
		};
/* End PBXGroup section */

/* Begin PBXNativeTarget section */
		99EF9259260D14DD0045A3D1 /* RipRoadNYCSubway */ = {
			isa = PBXNativeTarget;
			buildConfigurationList = 99EF9284260D14DF0045A3D1 /* Build configuration list for PBXNativeTarget "RipRoadNYCSubway" */;
			buildPhases = (
				99EF9256260D14DD0045A3D1 /* Sources */,
				99EF9257260D14DD0045A3D1 /* Frameworks */,
				99EF9258260D14DD0045A3D1 /* Resources */,
			);
			buildRules = (
			);
			dependencies = (
			);
			name = RipRoadNYCSubway;
			productName = RipRoadNYCSubway;
			productReference = 99EF925A260D14DD0045A3D1 /* RipRoadNYCSubway.app */;
			productType = "com.apple.product-type.application";
		};
		99EF926F260D14DF0045A3D1 /* RipRoadNYCSubwayTests */ = {
			isa = PBXNativeTarget;
			buildConfigurationList = 99EF9287260D14DF0045A3D1 /* Build configuration list for PBXNativeTarget "RipRoadNYCSubwayTests" */;
			buildPhases = (
				99EF926C260D14DF0045A3D1 /* Sources */,
				99EF926D260D14DF0045A3D1 /* Frameworks */,
				99EF926E260D14DF0045A3D1 /* Resources */,
			);
			buildRules = (
			);
			dependencies = (
				99EF9272260D14DF0045A3D1 /* PBXTargetDependency */,
			);
			name = RipRoadNYCSubwayTests;
			productName = RipRoadNYCSubwayTests;
			productReference = 99EF9270260D14DF0045A3D1 /* RipRoadNYCSubwayTests.xctest */;
			productType = "com.apple.product-type.bundle.unit-test";
		};
		99EF927A260D14DF0045A3D1 /* RipRoadNYCSubwayUITests */ = {
			isa = PBXNativeTarget;
			buildConfigurationList = 99EF928A260D14DF0045A3D1 /* Build configuration list for PBXNativeTarget "RipRoadNYCSubwayUITests" */;
			buildPhases = (
				99EF9277260D14DF0045A3D1 /* Sources */,
				99EF9278260D14DF0045A3D1 /* Frameworks */,
				99EF9279260D14DF0045A3D1 /* Resources */,
			);
			buildRules = (
			);
			dependencies = (
				99EF927D260D14DF0045A3D1 /* PBXTargetDependency */,
			);
			name = RipRoadNYCSubwayUITests;
			productName = RipRoadNYCSubwayUITests;
			productReference = 99EF927B260D14DF0045A3D1 /* RipRoadNYCSubwayUITests.xctest */;
			productType = "com.apple.product-type.bundle.ui-testing";
		};
/* End PBXNativeTarget section */

/* Begin PBXProject section */
		99EF9252260D14DD0045A3D1 /* Project object */ = {
			isa = PBXProject;
			attributes = {
				LastSwiftUpdateCheck = 1240;
				LastUpgradeCheck = 1240;
				TargetAttributes = {
					99EF9259260D14DD0045A3D1 = {
						CreatedOnToolsVersion = 12.4;
					};
					99EF926F260D14DF0045A3D1 = {
						CreatedOnToolsVersion = 12.4;
						TestTargetID = 99EF9259260D14DD0045A3D1;
					};
					99EF927A260D14DF0045A3D1 = {
						CreatedOnToolsVersion = 12.4;
						TestTargetID = 99EF9259260D14DD0045A3D1;
					};
				};
			};
			buildConfigurationList = 99EF9255260D14DD0045A3D1 /* Build configuration list for PBXProject "RipRoadNYCSubway" */;
			compatibilityVersion = "Xcode 9.3";
			developmentRegion = en;
			hasScannedForEncodings = 0;
			knownRegions = (
				en,
				Base,
			);
			mainGroup = 99EF9251260D14DD0045A3D1;
			productRefGroup = 99EF925B260D14DD0045A3D1 /* Products */;
			projectDirPath = "";
			projectRoot = "";
			targets = (
				99EF9259260D14DD0045A3D1 /* RipRoadNYCSubway */,
				99EF926F260D14DF0045A3D1 /* RipRoadNYCSubwayTests */,
				99EF927A260D14DF0045A3D1 /* RipRoadNYCSubwayUITests */,
			);
		};
/* End PBXProject section */

/* Begin PBXResourcesBuildPhase section */
		99EF9258260D14DD0045A3D1 /* Resources */ = {
			isa = PBXResourcesBuildPhase;
			buildActionMask = 2147483647;
			files = (
				99EF92A8260D204F0045A3D1 /* TestJsonExample.json in Resources */,
				99EF9291260D1B560045A3D1 /* .swiftlint.yml in Resources */,
				99EF926A260D14DE0045A3D1 /* LaunchScreen.storyboard in Resources */,
				99EF9267260D14DE0045A3D1 /* Assets.xcassets in Resources */,
				99EF9265260D14DD0045A3D1 /* Main.storyboard in Resources */,
			);
			runOnlyForDeploymentPostprocessing = 0;
		};
		99EF926E260D14DF0045A3D1 /* Resources */ = {
			isa = PBXResourcesBuildPhase;
			buildActionMask = 2147483647;
			files = (
			);
			runOnlyForDeploymentPostprocessing = 0;
		};
		99EF9279260D14DF0045A3D1 /* Resources */ = {
			isa = PBXResourcesBuildPhase;
			buildActionMask = 2147483647;
			files = (
			);
			runOnlyForDeploymentPostprocessing = 0;
		};
/* End PBXResourcesBuildPhase section */

/* Begin PBXSourcesBuildPhase section */
		99EF9256260D14DD0045A3D1 /* Sources */ = {
			isa = PBXSourcesBuildPhase;
			buildActionMask = 2147483647;
			files = (
				99A8E1E7261B6F5300A9AFBE /* LinkedList.swift in Sources */,
				99BBF7CB2613CE45004A6A13 /* SubwayRequest.swift in Sources */,
				993852712628967600A728AA /* QueueRingBuffer.swift in Sources */,
				99B2931B26163B7900D71910 /* SubwayLineCollectionViewCell.swift in Sources */,
				99EF92AF260D22E00045A3D1 /* BaseRequest.swift in Sources */,
				99A8E1D6261B6C7100A9AFBE /* TableViewExtension.swift in Sources */,
				9919D88B2613941800C60178 /* BaseJSONSerialization.swift in Sources */,
				99B2932026163F0600D71910 /* SubwayStationTableViewCell.swift in Sources */,
				999B42112616178900AFBD66 /* AnimatedLoader.swift in Sources */,
				99EF9262260D14DD0045A3D1 /* ViewController.swift in Sources */,
				99EF925E260D14DD0045A3D1 /* AppDelegate.swift in Sources */,
				99DE87CB261CD22700626718 /* SubwayItemViewModel.swift in Sources */,
				999B420B2616173B00AFBD66 /* BaseViewController.swift in Sources */,
				99EF92BC260D232E0045A3D1 /* BaseResponse.swift in Sources */,
				993852662628961D00A728AA /* RingBuffer.swift in Sources */,
				99EF92C1260D23400045A3D1 /* BaseService.swift in Sources */,
				99BBF7D42613CE9E004A6A13 /* SubwayResponse.swift in Sources */,
				99DE87C3261CD1D300626718 /* SubwayLineViewModel.swift in Sources */,
				99EF9260260D14DD0045A3D1 /* SceneDelegate.swift in Sources */,
				99BBF7A52613A048004A6A13 /* SubwayResult.swift in Sources */,
				99A8E1DB261B6CCE00A9AFBE /* CollectionViewExtension.swift in Sources */,
				99BBF7E62613D140004A6A13 /* SubwayUtility.swift in Sources */,
				99385261262893AE00A728AA /* Queue.swift in Sources */,
			);
			runOnlyForDeploymentPostprocessing = 0;
		};
		99EF926C260D14DF0045A3D1 /* Sources */ = {
			isa = PBXSourcesBuildPhase;
			buildActionMask = 2147483647;
			files = (
				99BBF7AD2613A4E7004A6A13 /* TestSubwayResultModel.swift in Sources */,
				999B421926161C2400AFBD66 /* TestBaseViewController.swift in Sources */,
				99EF9275260D14DF0045A3D1 /* RipRoadNYCSubwayTests.swift in Sources */,
				99EF92C6260D26F40045A3D1 /* TestBaseClasses.swift in Sources */,
			);
			runOnlyForDeploymentPostprocessing = 0;
		};
		99EF9277260D14DF0045A3D1 /* Sources */ = {
			isa = PBXSourcesBuildPhase;
			buildActionMask = 2147483647;
			files = (
				99EF9280260D14DF0045A3D1 /* RipRoadNYCSubwayUITests.swift in Sources */,
			);
			runOnlyForDeploymentPostprocessing = 0;
		};
/* End PBXSourcesBuildPhase section */

/* Begin PBXTargetDependency section */
		99EF9272260D14DF0045A3D1 /* PBXTargetDependency */ = {
			isa = PBXTargetDependency;
			target = 99EF9259260D14DD0045A3D1 /* RipRoadNYCSubway */;
			targetProxy = 99EF9271260D14DF0045A3D1 /* PBXContainerItemProxy */;
		};
		99EF927D260D14DF0045A3D1 /* PBXTargetDependency */ = {
			isa = PBXTargetDependency;
			target = 99EF9259260D14DD0045A3D1 /* RipRoadNYCSubway */;
			targetProxy = 99EF927C260D14DF0045A3D1 /* PBXContainerItemProxy */;
		};
/* End PBXTargetDependency section */

/* Begin PBXVariantGroup section */
		99EF9263260D14DD0045A3D1 /* Main.storyboard */ = {
			isa = PBXVariantGroup;
			children = (
				99EF9264260D14DD0045A3D1 /* Base */,
			);
			name = Main.storyboard;
			sourceTree = "<group>";
		};
		99EF9268260D14DE0045A3D1 /* LaunchScreen.storyboard */ = {
			isa = PBXVariantGroup;
			children = (
				99EF9269260D14DE0045A3D1 /* Base */,
			);
			name = LaunchScreen.storyboard;
			sourceTree = "<group>";
		};
/* End PBXVariantGroup section */

/* Begin XCBuildConfiguration section */
		99EF9282260D14DF0045A3D1 /* Debug */ = {
			isa = XCBuildConfiguration;
			buildSettings = {
				ALWAYS_SEARCH_USER_PATHS = NO;
				CLANG_ANALYZER_NONNULL = YES;
				CLANG_ANALYZER_NUMBER_OBJECT_CONVERSION = YES_AGGRESSIVE;
				CLANG_CXX_LANGUAGE_STANDARD = "gnu++14";
				CLANG_CXX_LIBRARY = "libc++";
				CLANG_ENABLE_MODULES = YES;
				CLANG_ENABLE_OBJC_ARC = YES;
				CLANG_ENABLE_OBJC_WEAK = YES;
				CLANG_WARN_BLOCK_CAPTURE_AUTORELEASING = YES;
				CLANG_WARN_BOOL_CONVERSION = YES;
				CLANG_WARN_COMMA = YES;
				CLANG_WARN_CONSTANT_CONVERSION = YES;
				CLANG_WARN_DEPRECATED_OBJC_IMPLEMENTATIONS = YES;
				CLANG_WARN_DIRECT_OBJC_ISA_USAGE = YES_ERROR;
				CLANG_WARN_DOCUMENTATION_COMMENTS = YES;
				CLANG_WARN_EMPTY_BODY = YES;
				CLANG_WARN_ENUM_CONVERSION = YES;
				CLANG_WARN_INFINITE_RECURSION = YES;
				CLANG_WARN_INT_CONVERSION = YES;
				CLANG_WARN_NON_LITERAL_NULL_CONVERSION = YES;
				CLANG_WARN_OBJC_IMPLICIT_RETAIN_SELF = YES;
				CLANG_WARN_OBJC_LITERAL_CONVERSION = YES;
				CLANG_WARN_OBJC_ROOT_CLASS = YES_ERROR;
				CLANG_WARN_QUOTED_INCLUDE_IN_FRAMEWORK_HEADER = YES;
				CLANG_WARN_RANGE_LOOP_ANALYSIS = YES;
				CLANG_WARN_STRICT_PROTOTYPES = YES;
				CLANG_WARN_SUSPICIOUS_MOVE = YES;
				CLANG_WARN_UNGUARDED_AVAILABILITY = YES_AGGRESSIVE;
				CLANG_WARN_UNREACHABLE_CODE = YES;
				CLANG_WARN__DUPLICATE_METHOD_MATCH = YES;
				COPY_PHASE_STRIP = NO;
				DEBUG_INFORMATION_FORMAT = dwarf;
				ENABLE_STRICT_OBJC_MSGSEND = YES;
				ENABLE_TESTABILITY = YES;
				GCC_C_LANGUAGE_STANDARD = gnu11;
				GCC_DYNAMIC_NO_PIC = NO;
				GCC_NO_COMMON_BLOCKS = YES;
				GCC_OPTIMIZATION_LEVEL = 0;
				GCC_PREPROCESSOR_DEFINITIONS = (
					"DEBUG=1",
					"$(inherited)",
				);
				GCC_WARN_64_TO_32_BIT_CONVERSION = YES;
				GCC_WARN_ABOUT_RETURN_TYPE = YES_ERROR;
				GCC_WARN_UNDECLARED_SELECTOR = YES;
				GCC_WARN_UNINITIALIZED_AUTOS = YES_AGGRESSIVE;
				GCC_WARN_UNUSED_FUNCTION = YES;
				GCC_WARN_UNUSED_VARIABLE = YES;
				IPHONEOS_DEPLOYMENT_TARGET = 14.4;
				MTL_ENABLE_DEBUG_INFO = INCLUDE_SOURCE;
				MTL_FAST_MATH = YES;
				ONLY_ACTIVE_ARCH = YES;
				SDKROOT = iphoneos;
				SWIFT_ACTIVE_COMPILATION_CONDITIONS = DEBUG;
				SWIFT_OPTIMIZATION_LEVEL = "-Onone";
			};
			name = Debug;
		};
		99EF9283260D14DF0045A3D1 /* Release */ = {
			isa = XCBuildConfiguration;
			buildSettings = {
				ALWAYS_SEARCH_USER_PATHS = NO;
				CLANG_ANALYZER_NONNULL = YES;
				CLANG_ANALYZER_NUMBER_OBJECT_CONVERSION = YES_AGGRESSIVE;
				CLANG_CXX_LANGUAGE_STANDARD = "gnu++14";
				CLANG_CXX_LIBRARY = "libc++";
				CLANG_ENABLE_MODULES = YES;
				CLANG_ENABLE_OBJC_ARC = YES;
				CLANG_ENABLE_OBJC_WEAK = YES;
				CLANG_WARN_BLOCK_CAPTURE_AUTORELEASING = YES;
				CLANG_WARN_BOOL_CONVERSION = YES;
				CLANG_WARN_COMMA = YES;
				CLANG_WARN_CONSTANT_CONVERSION = YES;
				CLANG_WARN_DEPRECATED_OBJC_IMPLEMENTATIONS = YES;
				CLANG_WARN_DIRECT_OBJC_ISA_USAGE = YES_ERROR;
				CLANG_WARN_DOCUMENTATION_COMMENTS = YES;
				CLANG_WARN_EMPTY_BODY = YES;
				CLANG_WARN_ENUM_CONVERSION = YES;
				CLANG_WARN_INFINITE_RECURSION = YES;
				CLANG_WARN_INT_CONVERSION = YES;
				CLANG_WARN_NON_LITERAL_NULL_CONVERSION = YES;
				CLANG_WARN_OBJC_IMPLICIT_RETAIN_SELF = YES;
				CLANG_WARN_OBJC_LITERAL_CONVERSION = YES;
				CLANG_WARN_OBJC_ROOT_CLASS = YES_ERROR;
				CLANG_WARN_QUOTED_INCLUDE_IN_FRAMEWORK_HEADER = YES;
				CLANG_WARN_RANGE_LOOP_ANALYSIS = YES;
				CLANG_WARN_STRICT_PROTOTYPES = YES;
				CLANG_WARN_SUSPICIOUS_MOVE = YES;
				CLANG_WARN_UNGUARDED_AVAILABILITY = YES_AGGRESSIVE;
				CLANG_WARN_UNREACHABLE_CODE = YES;
				CLANG_WARN__DUPLICATE_METHOD_MATCH = YES;
				COPY_PHASE_STRIP = NO;
				DEBUG_INFORMATION_FORMAT = "dwarf-with-dsym";
				ENABLE_NS_ASSERTIONS = NO;
				ENABLE_STRICT_OBJC_MSGSEND = YES;
				GCC_C_LANGUAGE_STANDARD = gnu11;
				GCC_NO_COMMON_BLOCKS = YES;
				GCC_WARN_64_TO_32_BIT_CONVERSION = YES;
				GCC_WARN_ABOUT_RETURN_TYPE = YES_ERROR;
				GCC_WARN_UNDECLARED_SELECTOR = YES;
				GCC_WARN_UNINITIALIZED_AUTOS = YES_AGGRESSIVE;
				GCC_WARN_UNUSED_FUNCTION = YES;
				GCC_WARN_UNUSED_VARIABLE = YES;
				IPHONEOS_DEPLOYMENT_TARGET = 14.4;
				MTL_ENABLE_DEBUG_INFO = NO;
				MTL_FAST_MATH = YES;
				SDKROOT = iphoneos;
				SWIFT_COMPILATION_MODE = wholemodule;
				SWIFT_OPTIMIZATION_LEVEL = "-O";
				VALIDATE_PRODUCT = YES;
			};
			name = Release;
		};
		99EF9285260D14DF0045A3D1 /* Debug */ = {
			isa = XCBuildConfiguration;
			buildSettings = {
				ASSETCATALOG_COMPILER_APPICON_NAME = AppIcon;
				ASSETCATALOG_COMPILER_GLOBAL_ACCENT_COLOR_NAME = AccentColor;
				CODE_SIGN_STYLE = Automatic;
				DEVELOPMENT_TEAM = 9KJ59DSH6L;
				INFOPLIST_FILE = RipRoadNYCSubway/Info.plist;
				LD_RUNPATH_SEARCH_PATHS = (
					"$(inherited)",
					"@executable_path/Frameworks",
				);
				PRODUCT_BUNDLE_IDENTIFIER = com.test.RipRoadNYCSubway;
				PRODUCT_NAME = "$(TARGET_NAME)";
				SWIFT_VERSION = 5.0;
				TARGETED_DEVICE_FAMILY = "1,2";
			};
			name = Debug;
		};
		99EF9286260D14DF0045A3D1 /* Release */ = {
			isa = XCBuildConfiguration;
			buildSettings = {
				ASSETCATALOG_COMPILER_APPICON_NAME = AppIcon;
				ASSETCATALOG_COMPILER_GLOBAL_ACCENT_COLOR_NAME = AccentColor;
				CODE_SIGN_STYLE = Automatic;
				DEVELOPMENT_TEAM = 9KJ59DSH6L;
				INFOPLIST_FILE = RipRoadNYCSubway/Info.plist;
				LD_RUNPATH_SEARCH_PATHS = (
					"$(inherited)",
					"@executable_path/Frameworks",
				);
				PRODUCT_BUNDLE_IDENTIFIER = com.test.RipRoadNYCSubway;
				PRODUCT_NAME = "$(TARGET_NAME)";
				SWIFT_VERSION = 5.0;
				TARGETED_DEVICE_FAMILY = "1,2";
			};
			name = Release;
		};
		99EF9288260D14DF0045A3D1 /* Debug */ = {
			isa = XCBuildConfiguration;
			buildSettings = {
				ALWAYS_EMBED_SWIFT_STANDARD_LIBRARIES = YES;
				BUNDLE_LOADER = "$(TEST_HOST)";
				CODE_SIGN_STYLE = Automatic;
				DEVELOPMENT_TEAM = 9KJ59DSH6L;
				INFOPLIST_FILE = RipRoadNYCSubwayTests/Info.plist;
				IPHONEOS_DEPLOYMENT_TARGET = 14.4;
				LD_RUNPATH_SEARCH_PATHS = (
					"$(inherited)",
					"@executable_path/Frameworks",
					"@loader_path/Frameworks",
				);
				PRODUCT_BUNDLE_IDENTIFIER = com.test.RipRoadNYCSubwayTests;
				PRODUCT_NAME = "$(TARGET_NAME)";
				SWIFT_VERSION = 5.0;
				TARGETED_DEVICE_FAMILY = "1,2";
				TEST_HOST = "$(BUILT_PRODUCTS_DIR)/RipRoadNYCSubway.app/RipRoadNYCSubway";
			};
			name = Debug;
		};
		99EF9289260D14DF0045A3D1 /* Release */ = {
			isa = XCBuildConfiguration;
			buildSettings = {
				ALWAYS_EMBED_SWIFT_STANDARD_LIBRARIES = YES;
				BUNDLE_LOADER = "$(TEST_HOST)";
				CODE_SIGN_STYLE = Automatic;
				DEVELOPMENT_TEAM = 9KJ59DSH6L;
				INFOPLIST_FILE = RipRoadNYCSubwayTests/Info.plist;
				IPHONEOS_DEPLOYMENT_TARGET = 14.4;
				LD_RUNPATH_SEARCH_PATHS = (
					"$(inherited)",
					"@executable_path/Frameworks",
					"@loader_path/Frameworks",
				);
				PRODUCT_BUNDLE_IDENTIFIER = com.test.RipRoadNYCSubwayTests;
				PRODUCT_NAME = "$(TARGET_NAME)";
				SWIFT_VERSION = 5.0;
				TARGETED_DEVICE_FAMILY = "1,2";
				TEST_HOST = "$(BUILT_PRODUCTS_DIR)/RipRoadNYCSubway.app/RipRoadNYCSubway";
			};
			name = Release;
		};
		99EF928B260D14DF0045A3D1 /* Debug */ = {
			isa = XCBuildConfiguration;
			buildSettings = {
				ALWAYS_EMBED_SWIFT_STANDARD_LIBRARIES = YES;
				CODE_SIGN_STYLE = Automatic;
				DEVELOPMENT_TEAM = 9KJ59DSH6L;
				INFOPLIST_FILE = RipRoadNYCSubwayUITests/Info.plist;
				LD_RUNPATH_SEARCH_PATHS = (
					"$(inherited)",
					"@executable_path/Frameworks",
					"@loader_path/Frameworks",
				);
				PRODUCT_BUNDLE_IDENTIFIER = com.test.RipRoadNYCSubwayUITests;
				PRODUCT_NAME = "$(TARGET_NAME)";
				SWIFT_VERSION = 5.0;
				TARGETED_DEVICE_FAMILY = "1,2";
				TEST_TARGET_NAME = RipRoadNYCSubway;
			};
			name = Debug;
		};
		99EF928C260D14DF0045A3D1 /* Release */ = {
			isa = XCBuildConfiguration;
			buildSettings = {
				ALWAYS_EMBED_SWIFT_STANDARD_LIBRARIES = YES;
				CODE_SIGN_STYLE = Automatic;
				DEVELOPMENT_TEAM = 9KJ59DSH6L;
				INFOPLIST_FILE = RipRoadNYCSubwayUITests/Info.plist;
				LD_RUNPATH_SEARCH_PATHS = (
					"$(inherited)",
					"@executable_path/Frameworks",
					"@loader_path/Frameworks",
				);
				PRODUCT_BUNDLE_IDENTIFIER = com.test.RipRoadNYCSubwayUITests;
				PRODUCT_NAME = "$(TARGET_NAME)";
				SWIFT_VERSION = 5.0;
				TARGETED_DEVICE_FAMILY = "1,2";
				TEST_TARGET_NAME = RipRoadNYCSubway;
			};
			name = Release;
		};
/* End XCBuildConfiguration section */

/* Begin XCConfigurationList section */
		99EF9255260D14DD0045A3D1 /* Build configuration list for PBXProject "RipRoadNYCSubway" */ = {
			isa = XCConfigurationList;
			buildConfigurations = (
				99EF9282260D14DF0045A3D1 /* Debug */,
				99EF9283260D14DF0045A3D1 /* Release */,
			);
			defaultConfigurationIsVisible = 0;
			defaultConfigurationName = Release;
		};
		99EF9284260D14DF0045A3D1 /* Build configuration list for PBXNativeTarget "RipRoadNYCSubway" */ = {
			isa = XCConfigurationList;
			buildConfigurations = (
				99EF9285260D14DF0045A3D1 /* Debug */,
				99EF9286260D14DF0045A3D1 /* Release */,
			);
			defaultConfigurationIsVisible = 0;
			defaultConfigurationName = Release;
		};
		99EF9287260D14DF0045A3D1 /* Build configuration list for PBXNativeTarget "RipRoadNYCSubwayTests" */ = {
			isa = XCConfigurationList;
			buildConfigurations = (
				99EF9288260D14DF0045A3D1 /* Debug */,
				99EF9289260D14DF0045A3D1 /* Release */,
			);
			defaultConfigurationIsVisible = 0;
			defaultConfigurationName = Release;
		};
		99EF928A260D14DF0045A3D1 /* Build configuration list for PBXNativeTarget "RipRoadNYCSubwayUITests" */ = {
			isa = XCConfigurationList;
			buildConfigurations = (
				99EF928B260D14DF0045A3D1 /* Debug */,
				99EF928C260D14DF0045A3D1 /* Release */,
			);
			defaultConfigurationIsVisible = 0;
			defaultConfigurationName = Release;
		};
/* End XCConfigurationList section */
	};
	rootObject = 99EF9252260D14DD0045A3D1 /* Project object */;
}
